
Microsoft Visual Studio Solution File, Format Version 12.00
# Visual Studio 15
VisualStudioVersion = 15.0.28307.106
MinimumVisualStudioVersion = 10.0.40219.1
Project("{888888A0-9F3D-457C-B088-3A5042F75D52}") = "RandomPythonStuff", "RandomPythonStuff\RandomPythonStuff.pyproj", "{984B1F00-2318-4040-868C-81DD73349278}"
EndProject
Global
	GlobalSection(SolutionConfigurationPlatforms) = preSolution
		Debug|Any CPU = Debug|Any CPU
		Release|Any CPU = Release|Any CPU
	EndGlobalSection
	GlobalSection(ProjectConfigurationPlatforms) = postSolution
		{984B1F00-2318-4040-868C-81DD73349278}.Debug|Any CPU.ActiveCfg = Debug|Any CPU
		{984B1F00-2318-4040-868C-81DD73349278}.Release|Any CPU.ActiveCfg = Release|Any CPU
	EndGlobalSection
	GlobalSection(SolutionProperties) = preSolution
		HideSolutionNode = FALSE
	EndGlobalSection
	GlobalSection(ExtensibilityGlobals) = postSolution
		SolutionGuid = {1FAAEA49-CC7F-415E-B4B6-E47436DCAA7F}
	EndGlobalSection
EndGlobal
